
Microsoft Visual Studio Solution File, Format Version 12.00
# Visual Studio Version 16
VisualStudioVersion = 16.0.30204.135
MinimumVisualStudioVersion = 10.0.40219.1
Project("{8BC9CEB8-8B4A-11D0-8D11-00A0C91BC942}") = "AetherEngine", "AetherEngine\AetherEngine.vcxitems", "{287F8C5A-D8D3-452D-A90D-9F75723B7A6A}"
EndProject
Project("{8BC9CEB8-8B4A-11D0-8D11-00A0C91BC942}") = "Lib_Windows", "Lib_Windows\Lib_Windows.vcxproj", "{E6C7C557-F0E8-405B-8A12-9147CAF3F655}"
EndProject
Project("{8BC9CEB8-8B4A-11D0-8D11-00A0C91BC942}") = "Test_Windows", "Test_Windows\Test_Windows.vcxproj", "{4C7EC9AF-13FC-4E1C-8B5D-9C9E94E735C7}"
EndProject
Project("{8BC9CEB8-8B4A-11D0-8D11-00A0C91BC942}") = "Lib_Linux", "Lib_Linux\Lib_Linux.vcxproj", "{086A9D3A-D8E9-4AC4-AA41-84F9FE821289}"
EndProject
Project("{8BC9CEB8-8B4A-11D0-8D11-00A0C91BC942}") = "Test_Linux", "Test_Linux\Test_Linux.vcxproj", "{2152AB02-A38A-47AE-9D3C-BDE6A3941AC7}"
EndProject
Global
	GlobalSection(SharedMSBuildProjectFiles) = preSolution
		AetherEngine\AetherEngine.vcxitems*{086a9d3a-d8e9-4ac4-aa41-84f9fe821289}*SharedItemsImports = 4
		AetherEngine\AetherEngine.vcxitems*{2152ab02-a38a-47ae-9d3c-bde6a3941ac7}*SharedItemsImports = 4
		AetherEngine\AetherEngine.vcxitems*{287f8c5a-d8d3-452d-a90d-9f75723b7a6a}*SharedItemsImports = 9
		AetherEngine\AetherEngine.vcxitems*{4c7ec9af-13fc-4e1c-8b5d-9c9e94e735c7}*SharedItemsImports = 4
		AetherEngine\AetherEngine.vcxitems*{e6c7c557-f0e8-405b-8a12-9147caf3f655}*SharedItemsImports = 4
	EndGlobalSection
	GlobalSection(SolutionConfigurationPlatforms) = preSolution
		Debug|x64 = Debug|x64
		Debug|x86 = Debug|x86
		DebugMemLeak|x64 = DebugMemLeak|x64
		DebugMemLeak|x86 = DebugMemLeak|x86
		Release|x64 = Release|x64
		Release|x86 = Release|x86
	EndGlobalSection
	GlobalSection(ProjectConfigurationPlatforms) = postSolution
		{E6C7C557-F0E8-405B-8A12-9147CAF3F655}.Debug|x64.ActiveCfg = Debug|x64
		{E6C7C557-F0E8-405B-8A12-9147CAF3F655}.Debug|x64.Build.0 = Debug|x64
		{E6C7C557-F0E8-405B-8A12-9147CAF3F655}.Debug|x86.ActiveCfg = Debug|Win32
		{E6C7C557-F0E8-405B-8A12-9147CAF3F655}.Debug|x86.Build.0 = Debug|Win32
		{E6C7C557-F0E8-405B-8A12-9147CAF3F655}.DebugMemLeak|x64.ActiveCfg = Debug|x64
		{E6C7C557-F0E8-405B-8A12-9147CAF3F655}.DebugMemLeak|x64.Build.0 = Debug|x64
		{E6C7C557-F0E8-405B-8A12-9147CAF3F655}.DebugMemLeak|x86.ActiveCfg = Debug|Win32
		{E6C7C557-F0E8-405B-8A12-9147CAF3F655}.DebugMemLeak|x86.Build.0 = Debug|Win32
		{E6C7C557-F0E8-405B-8A12-9147CAF3F655}.Release|x64.ActiveCfg = Release|x64
		{E6C7C557-F0E8-405B-8A12-9147CAF3F655}.Release|x64.Build.0 = Release|x64
		{E6C7C557-F0E8-405B-8A12-9147CAF3F655}.Release|x86.ActiveCfg = Release|Win32
		{E6C7C557-F0E8-405B-8A12-9147CAF3F655}.Release|x86.Build.0 = Release|Win32
		{4C7EC9AF-13FC-4E1C-8B5D-9C9E94E735C7}.Debug|x64.ActiveCfg = Debug|x64
		{4C7EC9AF-13FC-4E1C-8B5D-9C9E94E735C7}.Debug|x64.Build.0 = Debug|x64
		{4C7EC9AF-13FC-4E1C-8B5D-9C9E94E735C7}.Debug|x86.ActiveCfg = Debug|Win32
		{4C7EC9AF-13FC-4E1C-8B5D-9C9E94E735C7}.Debug|x86.Build.0 = Debug|Win32
		{4C7EC9AF-13FC-4E1C-8B5D-9C9E94E735C7}.DebugMemLeak|x64.ActiveCfg = Debug|x64
		{4C7EC9AF-13FC-4E1C-8B5D-9C9E94E735C7}.DebugMemLeak|x64.Build.0 = Debug|x64
		{4C7EC9AF-13FC-4E1C-8B5D-9C9E94E735C7}.DebugMemLeak|x86.ActiveCfg = Debug|Win32
		{4C7EC9AF-13FC-4E1C-8B5D-9C9E94E735C7}.DebugMemLeak|x86.Build.0 = Debug|Win32
		{4C7EC9AF-13FC-4E1C-8B5D-9C9E94E735C7}.Release|x64.ActiveCfg = Release|x64
		{4C7EC9AF-13FC-4E1C-8B5D-9C9E94E735C7}.Release|x64.Build.0 = Release|x64
		{4C7EC9AF-13FC-4E1C-8B5D-9C9E94E735C7}.Release|x86.ActiveCfg = Release|Win32
		{4C7EC9AF-13FC-4E1C-8B5D-9C9E94E735C7}.Release|x86.Build.0 = Release|Win32
		{086A9D3A-D8E9-4AC4-AA41-84F9FE821289}.Debug|x64.ActiveCfg = Debug|x64
		{086A9D3A-D8E9-4AC4-AA41-84F9FE821289}.Debug|x64.Build.0 = Debug|x64
		{086A9D3A-D8E9-4AC4-AA41-84F9FE821289}.Debug|x64.Deploy.0 = Debug|x64
		{086A9D3A-D8E9-4AC4-AA41-84F9FE821289}.Debug|x86.ActiveCfg = Debug|x86
		{086A9D3A-D8E9-4AC4-AA41-84F9FE821289}.Debug|x86.Build.0 = Debug|x86
		{086A9D3A-D8E9-4AC4-AA41-84F9FE821289}.Debug|x86.Deploy.0 = Debug|x86
		{086A9D3A-D8E9-4AC4-AA41-84F9FE821289}.DebugMemLeak|x64.ActiveCfg = Debug|x64
		{086A9D3A-D8E9-4AC4-AA41-84F9FE821289}.DebugMemLeak|x64.Build.0 = Debug|x64
		{086A9D3A-D8E9-4AC4-AA41-84F9FE821289}.DebugMemLeak|x64.Deploy.0 = Debug|x64
		{086A9D3A-D8E9-4AC4-AA41-84F9FE821289}.DebugMemLeak|x86.ActiveCfg = Debug|x86
		{086A9D3A-D8E9-4AC4-AA41-84F9FE821289}.DebugMemLeak|x86.Build.0 = Debug|x86
		{086A9D3A-D8E9-4AC4-AA41-84F9FE821289}.DebugMemLeak|x86.Deploy.0 = Debug|x86
		{086A9D3A-D8E9-4AC4-AA41-84F9FE821289}.Release|x64.ActiveCfg = Release|x64
		{086A9D3A-D8E9-4AC4-AA41-84F9FE821289}.Release|x64.Build.0 = Release|x64
		{086A9D3A-D8E9-4AC4-AA41-84F9FE821289}.Release|x64.Deploy.0 = Release|x64
		{086A9D3A-D8E9-4AC4-AA41-84F9FE821289}.Release|x86.ActiveCfg = Release|x86
		{086A9D3A-D8E9-4AC4-AA41-84F9FE821289}.Release|x86.Build.0 = Release|x86
		{086A9D3A-D8E9-4AC4-AA41-84F9FE821289}.Release|x86.Deploy.0 = Release|x86
		{2152AB02-A38A-47AE-9D3C-BDE6A3941AC7}.Debug|x64.ActiveCfg = Debug|x64
		{2152AB02-A38A-47AE-9D3C-BDE6A3941AC7}.Debug|x64.Build.0 = Debug|x64
		{2152AB02-A38A-47AE-9D3C-BDE6A3941AC7}.Debug|x64.Deploy.0 = Debug|x64
		{2152AB02-A38A-47AE-9D3C-BDE6A3941AC7}.Debug|x86.ActiveCfg = Debug|x86
		{2152AB02-A38A-47AE-9D3C-BDE6A3941AC7}.Debug|x86.Build.0 = Debug|x86
		{2152AB02-A38A-47AE-9D3C-BDE6A3941AC7}.Debug|x86.Deploy.0 = Debug|x86
		{2152AB02-A38A-47AE-9D3C-BDE6A3941AC7}.DebugMemLeak|x64.ActiveCfg = Debug|x64
		{2152AB02-A38A-47AE-9D3C-BDE6A3941AC7}.DebugMemLeak|x64.Build.0 = Debug|x64
		{2152AB02-A38A-47AE-9D3C-BDE6A3941AC7}.DebugMemLeak|x64.Deploy.0 = Debug|x64
		{2152AB02-A38A-47AE-9D3C-BDE6A3941AC7}.DebugMemLeak|x86.ActiveCfg = Debug|x86
		{2152AB02-A38A-47AE-9D3C-BDE6A3941AC7}.DebugMemLeak|x86.Build.0 = Debug|x86
		{2152AB02-A38A-47AE-9D3C-BDE6A3941AC7}.DebugMemLeak|x86.Deploy.0 = Debug|x86
		{2152AB02-A38A-47AE-9D3C-BDE6A3941AC7}.Release|x64.ActiveCfg = Release|x64
		{2152AB02-A38A-47AE-9D3C-BDE6A3941AC7}.Release|x64.Build.0 = Release|x64
		{2152AB02-A38A-47AE-9D3C-BDE6A3941AC7}.Release|x64.Deploy.0 = Release|x64
		{2152AB02-A38A-47AE-9D3C-BDE6A3941AC7}.Release|x86.ActiveCfg = Release|x86
		{2152AB02-A38A-47AE-9D3C-BDE6A3941AC7}.Release|x86.Build.0 = Release|x86
		{2152AB02-A38A-47AE-9D3C-BDE6A3941AC7}.Release|x86.Deploy.0 = Release|x86
	EndGlobalSection
	GlobalSection(SolutionProperties) = preSolution
		HideSolutionNode = FALSE
	EndGlobalSection
	GlobalSection(ExtensibilityGlobals) = postSolution
		SolutionGuid = {F2C14AB4-E68B-4D23-9FBA-662533090384}
	EndGlobalSection
EndGlobal
